// !$*UTF8*$!
{
	archiveVersion = 1;
	classes = {
	};
	objectVersion = 50;
	objects = {

/* Begin PBXBuildFile section */
		E31C5546222F5D6C00FA587C /* AppDelegate.m in Sources */ = {isa = PBXBuildFile; fileRef = E31C5545222F5D6C00FA587C /* AppDelegate.m */; };
		E31C5549222F5D6C00FA587C /* ViewController.m in Sources */ = {isa = PBXBuildFile; fileRef = E31C5548222F5D6C00FA587C /* ViewController.m */; };
		E31C554C222F5D6C00FA587C /* Main.storyboard in Resources */ = {isa = PBXBuildFile; fileRef = E31C554A222F5D6C00FA587C /* Main.storyboard */; };
		E31C554E222F5D7100FA587C /* Assets.xcassets in Resources */ = {isa = PBXBuildFile; fileRef = E31C554D222F5D7100FA587C /* Assets.xcassets */; };
		E31C5551222F5D7100FA587C /* LaunchScreen.storyboard in Resources */ = {isa = PBXBuildFile; fileRef = E31C554F222F5D7100FA587C /* LaunchScreen.storyboard */; };
		E31C5554222F5D7100FA587C /* main.m in Sources */ = {isa = PBXBuildFile; fileRef = E31C5553222F5D7100FA587C /* main.m */; };
		E31C555F222F649300FA587C /* NSDate+MLCalender.m in Sources */ = {isa = PBXBuildFile; fileRef = E31C555E222F649300FA587C /* NSDate+MLCalender.m */; };
		E31C5568222F9DFB00FA587C /* MLDateModel.m in Sources */ = {isa = PBXBuildFile; fileRef = E31C5567222F9DFB00FA587C /* MLDateModel.m */; };
		E31C556F222FDBB100FA587C /* MLCalendarView.m in Sources */ = {isa = PBXBuildFile; fileRef = E31C556E222FDBB100FA587C /* MLCalendarView.m */; };
		E31C5575222FEC0800FA587C /* MLCalendarCollectionViewCell.m in Sources */ = {isa = PBXBuildFile; fileRef = E31C5574222FEC0800FA587C /* MLCalendarCollectionViewCell.m */; };
/* End PBXBuildFile section */

/* Begin PBXFileReference section */
		E31C5541222F5D6C00FA587C /* MLCalendar.app */ = {isa = PBXFileReference; explicitFileType = wrapper.application; includeInIndex = 0; path = MLCalendar.app; sourceTree = BUILT_PRODUCTS_DIR; };
		E31C5544222F5D6C00FA587C /* AppDelegate.h */ = {isa = PBXFileReference; lastKnownFileType = sourcecode.c.h; path = AppDelegate.h; sourceTree = "<group>"; };
		E31C5545222F5D6C00FA587C /* AppDelegate.m */ = {isa = PBXFileReference; lastKnownFileType = sourcecode.c.objc; path = AppDelegate.m; sourceTree = "<group>"; };
		E31C5547222F5D6C00FA587C /* ViewController.h */ = {isa = PBXFileReference; lastKnownFileType = sourcecode.c.h; path = ViewController.h; sourceTree = "<group>"; };
		E31C5548222F5D6C00FA587C /* ViewController.m */ = {isa = PBXFileReference; lastKnownFileType = sourcecode.c.objc; path = ViewController.m; sourceTree = "<group>"; };
		E31C554B222F5D6C00FA587C /* Base */ = {isa = PBXFileReference; lastKnownFileType = file.storyboard; name = Base; path = Base.lproj/Main.storyboard; sourceTree = "<group>"; };
		E31C554D222F5D7100FA587C /* Assets.xcassets */ = {isa = PBXFileReference; lastKnownFileType = folder.assetcatalog; path = Assets.xcassets; sourceTree = "<group>"; };
		E31C5550222F5D7100FA587C /* Base */ = {isa = PBXFileReference; lastKnownFileType = file.storyboard; name = Base; path = Base.lproj/LaunchScreen.storyboard; sourceTree = "<group>"; };
		E31C5552222F5D7100FA587C /* Info.plist */ = {isa = PBXFileReference; lastKnownFileType = text.plist.xml; path = Info.plist; sourceTree = "<group>"; };
		E31C5553222F5D7100FA587C /* main.m */ = {isa = PBXFileReference; lastKnownFileType = sourcecode.c.objc; path = main.m; sourceTree = "<group>"; };
		E31C555D222F649300FA587C /* NSDate+MLCalender.h */ = {isa = PBXFileReference; lastKnownFileType = sourcecode.c.h; path = "NSDate+MLCalender.h"; sourceTree = "<group>"; };
		E31C555E222F649300FA587C /* NSDate+MLCalender.m */ = {isa = PBXFileReference; lastKnownFileType = sourcecode.c.objc; path = "NSDate+MLCalender.m"; sourceTree = "<group>"; };
		E31C5566222F9DFB00FA587C /* MLDateModel.h */ = {isa = PBXFileReference; lastKnownFileType = sourcecode.c.h; path = MLDateModel.h; sourceTree = "<group>"; };
		E31C5567222F9DFB00FA587C /* MLDateModel.m */ = {isa = PBXFileReference; lastKnownFileType = sourcecode.c.objc; path = MLDateModel.m; sourceTree = "<group>"; };
		E31C556D222FDBB100FA587C /* MLCalendarView.h */ = {isa = PBXFileReference; fileEncoding = 4; lastKnownFileType = sourcecode.c.h; path = MLCalendarView.h; sourceTree = "<group>"; };
		E31C556E222FDBB100FA587C /* MLCalendarView.m */ = {isa = PBXFileReference; fileEncoding = 4; lastKnownFileType = sourcecode.c.objc; path = MLCalendarView.m; sourceTree = "<group>"; };
		E31C5573222FEC0700FA587C /* MLCalendarCollectionViewCell.h */ = {isa = PBXFileReference; fileEncoding = 4; lastKnownFileType = sourcecode.c.h; path = MLCalendarCollectionViewCell.h; sourceTree = "<group>"; };
		E31C5574222FEC0800FA587C /* MLCalendarCollectionViewCell.m */ = {isa = PBXFileReference; fileEncoding = 4; lastKnownFileType = sourcecode.c.objc; path = MLCalendarCollectionViewCell.m; sourceTree = "<group>"; };
/* End PBXFileReference section */

/* Begin PBXFrameworksBuildPhase section */
		E31C553E222F5D6C00FA587C /* Frameworks */ = {
			isa = PBXFrameworksBuildPhase;
			buildActionMask = 2147483647;
			files = (
			);
			runOnlyForDeploymentPostprocessing = 0;
		};
/* End PBXFrameworksBuildPhase section */

/* Begin PBXGroup section */
		E31C5538222F5D6C00FA587C = {
			isa = PBXGroup;
			children = (
				E31C5543222F5D6C00FA587C /* MLCalendar */,
				E31C5542222F5D6C00FA587C /* Products */,
			);
			sourceTree = "<group>";
		};
		E31C5542222F5D6C00FA587C /* Products */ = {
			isa = PBXGroup;
			children = (
				E31C5541222F5D6C00FA587C /* MLCalendar.app */,
			);
			name = Products;
			sourceTree = "<group>";
		};
		E31C5543222F5D6C00FA587C /* MLCalendar */ = {
			isa = PBXGroup;
			children = (
				E31C5544222F5D6C00FA587C /* AppDelegate.h */,
				E31C5545222F5D6C00FA587C /* AppDelegate.m */,
				E31C5547222F5D6C00FA587C /* ViewController.h */,
				E31C5548222F5D6C00FA587C /* ViewController.m */,
				E31C5569222FDAC100FA587C /* MLCalendarView */,
				E31C554A222F5D6C00FA587C /* Main.storyboard */,
				E31C554D222F5D7100FA587C /* Assets.xcassets */,
				E31C554F222F5D7100FA587C /* LaunchScreen.storyboard */,
				E31C5552222F5D7100FA587C /* Info.plist */,
				E31C5553222F5D7100FA587C /* main.m */,
			);
			path = MLCalendar;
			sourceTree = "<group>";
		};
		E31C5569222FDAC100FA587C /* MLCalendarView */ = {
			isa = PBXGroup;
			children = (
				E31C5566222F9DFB00FA587C /* MLDateModel.h */,
				E31C5567222F9DFB00FA587C /* MLDateModel.m */,
				E31C555D222F649300FA587C /* NSDate+MLCalender.h */,
				E31C555E222F649300FA587C /* NSDate+MLCalender.m */,
				E31C556D222FDBB100FA587C /* MLCalendarView.h */,
				E31C556E222FDBB100FA587C /* MLCalendarView.m */,
				E31C5573222FEC0700FA587C /* MLCalendarCollectionViewCell.h */,
				E31C5574222FEC0800FA587C /* MLCalendarCollectionViewCell.m */,
			);
			path = MLCalendarView;
			sourceTree = "<group>";
		};
/* End PBXGroup section */

/* Begin PBXNativeTarget section */
		E31C5540222F5D6C00FA587C /* MLCalendar */ = {
			isa = PBXNativeTarget;
			buildConfigurationList = E31C5557222F5D7100FA587C /* Build configuration list for PBXNativeTarget "MLCalendar" */;
			buildPhases = (
				E31C553D222F5D6C00FA587C /* Sources */,
				E31C553E222F5D6C00FA587C /* Frameworks */,
				E31C553F222F5D6C00FA587C /* Resources */,
			);
			buildRules = (
			);
			dependencies = (
			);
			name = MLCalendar;
			productName = MLCalendar;
			productReference = E31C5541222F5D6C00FA587C /* MLCalendar.app */;
			productType = "com.apple.product-type.application";
		};
/* End PBXNativeTarget section */

/* Begin PBXProject section */
		E31C5539222F5D6C00FA587C /* Project object */ = {
			isa = PBXProject;
			attributes = {
				LastUpgradeCheck = 1010;
				ORGANIZATIONNAME = "刘朋坤";
				TargetAttributes = {
					E31C5540222F5D6C00FA587C = {
						CreatedOnToolsVersion = 10.1;
					};
				};
			};
			buildConfigurationList = E31C553C222F5D6C00FA587C /* Build configuration list for PBXProject "MLCalendar" */;
			compatibilityVersion = "Xcode 9.3";
			developmentRegion = en;
			hasScannedForEncodings = 0;
			knownRegions = (
				en,
				Base,
			);
			mainGroup = E31C5538222F5D6C00FA587C;
			productRefGroup = E31C5542222F5D6C00FA587C /* Products */;
			projectDirPath = "";
			projectRoot = "";
			targets = (
				E31C5540222F5D6C00FA587C /* MLCalendar */,
			);
		};
/* End PBXProject section */

/* Begin PBXResourcesBuildPhase section */
		E31C553F222F5D6C00FA587C /* Resources */ = {
			isa = PBXResourcesBuildPhase;
			buildActionMask = 2147483647;
			files = (
				E31C5551222F5D7100FA587C /* LaunchScreen.storyboard in Resources */,
				E31C554E222F5D7100FA587C /* Assets.xcassets in Resources */,
				E31C554C222F5D6C00FA587C /* Main.storyboard in Resources */,
			);
			runOnlyForDeploymentPostprocessing = 0;
		};
/* End PBXResourcesBuildPhase section */

/* Begin PBXSourcesBuildPhase section */
		E31C553D222F5D6C00FA587C /* Sources */ = {
			isa = PBXSourcesBuildPhase;
			buildActionMask = 2147483647;
			files = (
				E31C5549222F5D6C00FA587C /* ViewController.m in Sources */,
				E31C5575222FEC0800FA587C /* MLCalendarCollectionViewCell.m in Sources */,
				E31C556F222FDBB100FA587C /* MLCalendarView.m in Sources */,
				E31C5554222F5D7100FA587C /* main.m in Sources */,
				E31C5546222F5D6C00FA587C /* AppDelegate.m in Sources */,
				E31C5568222F9DFB00FA587C /* MLDateModel.m in Sources */,
				E31C555F222F649300FA587C /* NSDate+MLCalender.m in Sources */,
			);
			runOnlyForDeploymentPostprocessing = 0;
		};
/* End PBXSourcesBuildPhase section */

/* Begin PBXVariantGroup section */
		E31C554A222F5D6C00FA587C /* Main.storyboard */ = {
			isa = PBXVariantGroup;
			children = (
				E31C554B222F5D6C00FA587C /* Base */,
			);
			name = Main.storyboard;
			sourceTree = "<group>";
		};
		E31C554F222F5D7100FA587C /* LaunchScreen.storyboard */ = {
			isa = PBXVariantGroup;
			children = (
				E31C5550222F5D7100FA587C /* Base */,
			);
			name = LaunchScreen.storyboard;
			sourceTree = "<group>";
		};
/* End PBXVariantGroup section */

/* Begin XCBuildConfiguration section */
		E31C5555222F5D7100FA587C /* Debug */ = {
			isa = XCBuildConfiguration;
			buildSettings = {
				ALWAYS_SEARCH_USER_PATHS = NO;
				CLANG_ANALYZER_NONNULL = YES;
				CLANG_ANALYZER_NUMBER_OBJECT_CONVERSION = YES_AGGRESSIVE;
				CLANG_CXX_LANGUAGE_STANDARD = "gnu++14";
				CLANG_CXX_LIBRARY = "libc++";
				CLANG_ENABLE_MODULES = YES;
				CLANG_ENABLE_OBJC_ARC = YES;
				CLANG_ENABLE_OBJC_WEAK = YES;
				CLANG_WARN_BLOCK_CAPTURE_AUTORELEASING = YES;
				CLANG_WARN_BOOL_CONVERSION = YES;
				CLANG_WARN_COMMA = YES;
				CLANG_WARN_CONSTANT_CONVERSION = YES;
				CLANG_WARN_DEPRECATED_OBJC_IMPLEMENTATIONS = YES;
				CLANG_WARN_DIRECT_OBJC_ISA_USAGE = YES_ERROR;
				CLANG_WARN_DOCUMENTATION_COMMENTS = YES;
				CLANG_WARN_EMPTY_BODY = YES;
				CLANG_WARN_ENUM_CONVERSION = YES;
				CLANG_WARN_INFINITE_RECURSION = YES;
				CLANG_WARN_INT_CONVERSION = YES;
				CLANG_WARN_NON_LITERAL_NULL_CONVERSION = YES;
				CLANG_WARN_OBJC_IMPLICIT_RETAIN_SELF = YES;
				CLANG_WARN_OBJC_LITERAL_CONVERSION = YES;
				CLANG_WARN_OBJC_ROOT_CLASS = YES_ERROR;
				CLANG_WARN_RANGE_LOOP_ANALYSIS = YES;
				CLANG_WARN_STRICT_PROTOTYPES = YES;
				CLANG_WARN_SUSPICIOUS_MOVE = YES;
				CLANG_WARN_UNGUARDED_AVAILABILITY = YES_AGGRESSIVE;
				CLANG_WARN_UNREACHABLE_CODE = YES;
				CLANG_WARN__DUPLICATE_METHOD_MATCH = YES;
				CODE_SIGN_IDENTITY = "iPhone Developer";
				COPY_PHASE_STRIP = NO;
				DEBUG_INFORMATION_FORMAT = dwarf;
				ENABLE_STRICT_OBJC_MSGSEND = YES;
				ENABLE_TESTABILITY = YES;
				GCC_C_LANGUAGE_STANDARD = gnu11;
				GCC_DYNAMIC_NO_PIC = NO;
				GCC_NO_COMMON_BLOCKS = YES;
				GCC_OPTIMIZATION_LEVEL = 0;
				GCC_PREPROCESSOR_DEFINITIONS = (
					"DEBUG=1",
					"$(inherited)",
				);
				GCC_WARN_64_TO_32_BIT_CONVERSION = YES;
				GCC_WARN_ABOUT_RETURN_TYPE = YES_ERROR;
				GCC_WARN_UNDECLARED_SELECTOR = YES;
				GCC_WARN_UNINITIALIZED_AUTOS = YES_AGGRESSIVE;
				GCC_WARN_UNUSED_FUNCTION = YES;
				GCC_WARN_UNUSED_VARIABLE = YES;
				IPHONEOS_DEPLOYMENT_TARGET = 12.1;
				MTL_ENABLE_DEBUG_INFO = INCLUDE_SOURCE;
				MTL_FAST_MATH = YES;
				ONLY_ACTIVE_ARCH = YES;
				SDKROOT = iphoneos;
			};
			name = Debug;
		};
		E31C5556222F5D7100FA587C /* Release */ = {
			isa = XCBuildConfiguration;
			buildSettings = {
				ALWAYS_SEARCH_USER_PATHS = NO;
				CLANG_ANALYZER_NONNULL = YES;
				CLANG_ANALYZER_NUMBER_OBJECT_CONVERSION = YES_AGGRESSIVE;
				CLANG_CXX_LANGUAGE_STANDARD = "gnu++14";
				CLANG_CXX_LIBRARY = "libc++";
				CLANG_ENABLE_MODULES = YES;
				CLANG_ENABLE_OBJC_ARC = YES;
				CLANG_ENABLE_OBJC_WEAK = YES;
				CLANG_WARN_BLOCK_CAPTURE_AUTORELEASING = YES;
				CLANG_WARN_BOOL_CONVERSION = YES;
				CLANG_WARN_COMMA = YES;
				CLANG_WARN_CONSTANT_CONVERSION = YES;
				CLANG_WARN_DEPRECATED_OBJC_IMPLEMENTATIONS = YES;
				CLANG_WARN_DIRECT_OBJC_ISA_USAGE = YES_ERROR;
				CLANG_WARN_DOCUMENTATION_COMMENTS = YES;
				CLANG_WARN_EMPTY_BODY = YES;
				CLANG_WARN_ENUM_CONVERSION = YES;
				CLANG_WARN_INFINITE_RECURSION = YES;
				CLANG_WARN_INT_CONVERSION = YES;
				CLANG_WARN_NON_LITERAL_NULL_CONVERSION = YES;
				CLANG_WARN_OBJC_IMPLICIT_RETAIN_SELF = YES;
				CLANG_WARN_OBJC_LITERAL_CONVERSION = YES;
				CLANG_WARN_OBJC_ROOT_CLASS = YES_ERROR;
				CLANG_WARN_RANGE_LOOP_ANALYSIS = YES;
				CLANG_WARN_STRICT_PROTOTYPES = YES;
				CLANG_WARN_SUSPICIOUS_MOVE = YES;
				CLANG_WARN_UNGUARDED_AVAILABILITY = YES_AGGRESSIVE;
				CLANG_WARN_UNREACHABLE_CODE = YES;
				CLANG_WARN__DUPLICATE_METHOD_MATCH = YES;
				CODE_SIGN_IDENTITY = "iPhone Developer";
				COPY_PHASE_STRIP = NO;
				DEBUG_INFORMATION_FORMAT = "dwarf-with-dsym";
				ENABLE_NS_ASSERTIONS = NO;
				ENABLE_STRICT_OBJC_MSGSEND = YES;
				GCC_C_LANGUAGE_STANDARD = gnu11;
				GCC_NO_COMMON_BLOCKS = YES;
				GCC_WARN_64_TO_32_BIT_CONVERSION = YES;
				GCC_WARN_ABOUT_RETURN_TYPE = YES_ERROR;
				GCC_WARN_UNDECLARED_SELECTOR = YES;
				GCC_WARN_UNINITIALIZED_AUTOS = YES_AGGRESSIVE;
				GCC_WARN_UNUSED_FUNCTION = YES;
				GCC_WARN_UNUSED_VARIABLE = YES;
				IPHONEOS_DEPLOYMENT_TARGET = 12.1;
				MTL_ENABLE_DEBUG_INFO = NO;
				MTL_FAST_MATH = YES;
				SDKROOT = iphoneos;
				VALIDATE_PRODUCT = YES;
			};
			name = Release;
		};
		E31C5558222F5D7100FA587C /* Debug */ = {
			isa = XCBuildConfiguration;
			buildSettings = {
				ASSETCATALOG_COMPILER_APPICON_NAME = AppIcon;
				CODE_SIGN_STYLE = Automatic;
				INFOPLIST_FILE = MLCalendar/Info.plist;
				LD_RUNPATH_SEARCH_PATHS = (
					"$(inherited)",
					"@executable_path/Frameworks",
				);
				PRODUCT_BUNDLE_IDENTIFIER = liupengkun.MLCalendar;
				PRODUCT_NAME = "$(TARGET_NAME)";
				TARGETED_DEVICE_FAMILY = "1,2";
			};
			name = Debug;
		};
		E31C5559222F5D7100FA587C /* Release */ = {
			isa = XCBuildConfiguration;
			buildSettings = {
				ASSETCATALOG_COMPILER_APPICON_NAME = AppIcon;
				CODE_SIGN_STYLE = Automatic;
				INFOPLIST_FILE = MLCalendar/Info.plist;
				LD_RUNPATH_SEARCH_PATHS = (
					"$(inherited)",
					"@executable_path/Frameworks",
				);
				PRODUCT_BUNDLE_IDENTIFIER = liupengkun.MLCalendar;
				PRODUCT_NAME = "$(TARGET_NAME)";
				TARGETED_DEVICE_FAMILY = "1,2";
			};
			name = Release;
		};
/* End XCBuildConfiguration section */

/* Begin XCConfigurationList section */
		E31C553C222F5D6C00FA587C /* Build configuration list for PBXProject "MLCalendar" */ = {
			isa = XCConfigurationList;
			buildConfigurations = (
				E31C5555222F5D7100FA587C /* Debug */,
				E31C5556222F5D7100FA587C /* Release */,
			);
			defaultConfigurationIsVisible = 0;
			defaultConfigurationName = Release;
		};
		E31C5557222F5D7100FA587C /* Build configuration list for PBXNativeTarget "MLCalendar" */ = {
			isa = XCConfigurationList;
			buildConfigurations = (
				E31C5558222F5D7100FA587C /* Debug */,
				E31C5559222F5D7100FA587C /* Release */,
			);
			defaultConfigurationIsVisible = 0;
			defaultConfigurationName = Release;
		};
/* End XCConfigurationList section */
	};
	rootObject = E31C5539222F5D6C00FA587C /* Project object */;
}
